
Microsoft Visual Studio Solution File, Format Version 12.00
Project("{2150E333-8FDC-42A3-9474-1A3956D46DE8}") = "Item", "Item", "{4B30A44F-7ED7-4C56-A819-1AE0AC69A95D}"
EndProject
Project("{2150E333-8FDC-42A3-9474-1A3956D46DE8}") = "Advertiser", "Advertiser", "{5D882283-E3AF-429E-A24F-0DC795D7C164}"
EndProject
Project("{2150E333-8FDC-42A3-9474-1A3956D46DE8}") = "Tag", "Tag", "{63F8EA72-1CB4-4BBB-9E29-9B20A492DCC0}"
EndProject
Project("{2150E333-8FDC-42A3-9474-1A3956D46DE8}") = "Offer", "Offer", "{68A953E3-B7F3-48C6-BE9D-F1E59DBFCA6D}"
EndProject
Project("{FAE04EC0-301F-11D3-BF4B-00C04F79EFBC}") = "Advertiser.Domain", "Advertiser.Domain\Advertiser.Domain.csproj", "{F241233C-605A-4B62-BEB0-C6A9822C7DE9}"
EndProject
Project("{FAE04EC0-301F-11D3-BF4B-00C04F79EFBC}") = "Advertiser.Application", "Advertiser.Application\Advertiser.Application.csproj", "{D8949096-AF5D-408F-B1C8-37050BCB70FA}"
EndProject
Project("{FAE04EC0-301F-11D3-BF4B-00C04F79EFBC}") = "Rus.Base.Domain", "Rus.Base.Domain\Rus.Base.Domain.csproj", "{2E6E7A76-75EB-4960-A7F9-F5E3DCABBB1E}"
EndProject
Project("{FAE04EC0-301F-11D3-BF4B-00C04F79EFBC}") = "Item.Domain", "Item.Domain\Item.Domain.csproj", "{042D248A-995A-472C-A8D0-10EA47F1A1FE}"
EndProject
Project("{FAE04EC0-301F-11D3-BF4B-00C04F79EFBC}") = "Offer.Domain", "Offer.Domain\Offer.Domain.csproj", "{7C69C424-7C7E-4A05-800B-549AEAAF02B7}"
EndProject
Project("{FAE04EC0-301F-11D3-BF4B-00C04F79EFBC}") = "Tag.Domain", "Tag.Domain\Tag.Domain.csproj", "{5778EF78-3F8A-426B-9DEB-DE2513883147}"
EndProject
Project("{FAE04EC0-301F-11D3-BF4B-00C04F79EFBC}") = "Rus.Base.Application", "Rus.Base.Application\Rus.Base.Application.csproj", "{735F272F-0B6F-4CAB-B9EA-71BD19AA25AF}"
EndProject
Project("{FAE04EC0-301F-11D3-BF4B-00C04F79EFBC}") = "Rus.Api", "Rus.Api\Rus.Api.csproj", "{E2B42803-3752-4B39-B2E1-118A2CDD8389}"
EndProject
Project("{FAE04EC0-301F-11D3-BF4B-00C04F79EFBC}") = "Rus.Base.Infrastructure", "Rus.Base.Infrastructure\Rus.Base.Infrastructure.csproj", "{CFCEFDE1-FB14-4576-A6E4-0CABD8B2082A}"
EndProject
Project("{FAE04EC0-301F-11D3-BF4B-00C04F79EFBC}") = "Advertiser.Infrastructure", "Advertiser.Infrastructure\Advertiser.Infrastructure.csproj", "{9DAA010A-18B8-436D-9089-6CF5A8019094}"
EndProject
Project("{FAE04EC0-301F-11D3-BF4B-00C04F79EFBC}") = "Advertiser.Migrations", "Advertiser.Migrations\Advertiser.Migrations.csproj", "{317549D9-58A2-479C-AA5E-E8A5B0A2AA4B}"
EndProject
Project("{FAE04EC0-301F-11D3-BF4B-00C04F79EFBC}") = "Rus.Base.Api", "Rus.Base.Api\Rus.Base.Api.csproj", "{3D054B18-CBA5-4195-B27F-9449DFB3886D}"
EndProject
Global
	GlobalSection(SolutionConfigurationPlatforms) = preSolution
		Debug|Any CPU = Debug|Any CPU
		Release|Any CPU = Release|Any CPU
	EndGlobalSection
	GlobalSection(ProjectConfigurationPlatforms) = postSolution
		{F241233C-605A-4B62-BEB0-C6A9822C7DE9}.Debug|Any CPU.ActiveCfg = Debug|Any CPU
		{F241233C-605A-4B62-BEB0-C6A9822C7DE9}.Debug|Any CPU.Build.0 = Debug|Any CPU
		{F241233C-605A-4B62-BEB0-C6A9822C7DE9}.Release|Any CPU.ActiveCfg = Release|Any CPU
		{F241233C-605A-4B62-BEB0-C6A9822C7DE9}.Release|Any CPU.Build.0 = Release|Any CPU
		{D8949096-AF5D-408F-B1C8-37050BCB70FA}.Debug|Any CPU.ActiveCfg = Debug|Any CPU
		{D8949096-AF5D-408F-B1C8-37050BCB70FA}.Debug|Any CPU.Build.0 = Debug|Any CPU
		{D8949096-AF5D-408F-B1C8-37050BCB70FA}.Release|Any CPU.ActiveCfg = Release|Any CPU
		{D8949096-AF5D-408F-B1C8-37050BCB70FA}.Release|Any CPU.Build.0 = Release|Any CPU
		{2E6E7A76-75EB-4960-A7F9-F5E3DCABBB1E}.Debug|Any CPU.ActiveCfg = Debug|Any CPU
		{2E6E7A76-75EB-4960-A7F9-F5E3DCABBB1E}.Debug|Any CPU.Build.0 = Debug|Any CPU
		{2E6E7A76-75EB-4960-A7F9-F5E3DCABBB1E}.Release|Any CPU.ActiveCfg = Release|Any CPU
		{2E6E7A76-75EB-4960-A7F9-F5E3DCABBB1E}.Release|Any CPU.Build.0 = Release|Any CPU
		{042D248A-995A-472C-A8D0-10EA47F1A1FE}.Debug|Any CPU.ActiveCfg = Debug|Any CPU
		{042D248A-995A-472C-A8D0-10EA47F1A1FE}.Debug|Any CPU.Build.0 = Debug|Any CPU
		{042D248A-995A-472C-A8D0-10EA47F1A1FE}.Release|Any CPU.ActiveCfg = Release|Any CPU
		{042D248A-995A-472C-A8D0-10EA47F1A1FE}.Release|Any CPU.Build.0 = Release|Any CPU
		{7C69C424-7C7E-4A05-800B-549AEAAF02B7}.Debug|Any CPU.ActiveCfg = Debug|Any CPU
		{7C69C424-7C7E-4A05-800B-549AEAAF02B7}.Debug|Any CPU.Build.0 = Debug|Any CPU
		{7C69C424-7C7E-4A05-800B-549AEAAF02B7}.Release|Any CPU.ActiveCfg = Release|Any CPU
		{7C69C424-7C7E-4A05-800B-549AEAAF02B7}.Release|Any CPU.Build.0 = Release|Any CPU
		{5778EF78-3F8A-426B-9DEB-DE2513883147}.Debug|Any CPU.ActiveCfg = Debug|Any CPU
		{5778EF78-3F8A-426B-9DEB-DE2513883147}.Debug|Any CPU.Build.0 = Debug|Any CPU
		{5778EF78-3F8A-426B-9DEB-DE2513883147}.Release|Any CPU.ActiveCfg = Release|Any CPU
		{5778EF78-3F8A-426B-9DEB-DE2513883147}.Release|Any CPU.Build.0 = Release|Any CPU
		{735F272F-0B6F-4CAB-B9EA-71BD19AA25AF}.Debug|Any CPU.ActiveCfg = Debug|Any CPU
		{735F272F-0B6F-4CAB-B9EA-71BD19AA25AF}.Debug|Any CPU.Build.0 = Debug|Any CPU
		{735F272F-0B6F-4CAB-B9EA-71BD19AA25AF}.Release|Any CPU.ActiveCfg = Release|Any CPU
		{735F272F-0B6F-4CAB-B9EA-71BD19AA25AF}.Release|Any CPU.Build.0 = Release|Any CPU
		{E2B42803-3752-4B39-B2E1-118A2CDD8389}.Debug|Any CPU.ActiveCfg = Debug|Any CPU
		{E2B42803-3752-4B39-B2E1-118A2CDD8389}.Debug|Any CPU.Build.0 = Debug|Any CPU
		{E2B42803-3752-4B39-B2E1-118A2CDD8389}.Release|Any CPU.ActiveCfg = Release|Any CPU
		{E2B42803-3752-4B39-B2E1-118A2CDD8389}.Release|Any CPU.Build.0 = Release|Any CPU
		{CFCEFDE1-FB14-4576-A6E4-0CABD8B2082A}.Debug|Any CPU.ActiveCfg = Debug|Any CPU
		{CFCEFDE1-FB14-4576-A6E4-0CABD8B2082A}.Debug|Any CPU.Build.0 = Debug|Any CPU
		{CFCEFDE1-FB14-4576-A6E4-0CABD8B2082A}.Release|Any CPU.ActiveCfg = Release|Any CPU
		{CFCEFDE1-FB14-4576-A6E4-0CABD8B2082A}.Release|Any CPU.Build.0 = Release|Any CPU
		{9DAA010A-18B8-436D-9089-6CF5A8019094}.Debug|Any CPU.ActiveCfg = Debug|Any CPU
		{9DAA010A-18B8-436D-9089-6CF5A8019094}.Debug|Any CPU.Build.0 = Debug|Any CPU
		{9DAA010A-18B8-436D-9089-6CF5A8019094}.Release|Any CPU.ActiveCfg = Release|Any CPU
		{9DAA010A-18B8-436D-9089-6CF5A8019094}.Release|Any CPU.Build.0 = Release|Any CPU
		{317549D9-58A2-479C-AA5E-E8A5B0A2AA4B}.Debug|Any CPU.ActiveCfg = Debug|Any CPU
		{317549D9-58A2-479C-AA5E-E8A5B0A2AA4B}.Debug|Any CPU.Build.0 = Debug|Any CPU
		{317549D9-58A2-479C-AA5E-E8A5B0A2AA4B}.Release|Any CPU.ActiveCfg = Release|Any CPU
		{317549D9-58A2-479C-AA5E-E8A5B0A2AA4B}.Release|Any CPU.Build.0 = Release|Any CPU
		{3D054B18-CBA5-4195-B27F-9449DFB3886D}.Debug|Any CPU.ActiveCfg = Debug|Any CPU
		{3D054B18-CBA5-4195-B27F-9449DFB3886D}.Debug|Any CPU.Build.0 = Debug|Any CPU
		{3D054B18-CBA5-4195-B27F-9449DFB3886D}.Release|Any CPU.ActiveCfg = Release|Any CPU
		{3D054B18-CBA5-4195-B27F-9449DFB3886D}.Release|Any CPU.Build.0 = Release|Any CPU
	EndGlobalSection
	GlobalSection(NestedProjects) = preSolution
		{F241233C-605A-4B62-BEB0-C6A9822C7DE9} = {5D882283-E3AF-429E-A24F-0DC795D7C164}
		{D8949096-AF5D-408F-B1C8-37050BCB70FA} = {5D882283-E3AF-429E-A24F-0DC795D7C164}
		{042D248A-995A-472C-A8D0-10EA47F1A1FE} = {4B30A44F-7ED7-4C56-A819-1AE0AC69A95D}
		{7C69C424-7C7E-4A05-800B-549AEAAF02B7} = {68A953E3-B7F3-48C6-BE9D-F1E59DBFCA6D}
		{5778EF78-3F8A-426B-9DEB-DE2513883147} = {63F8EA72-1CB4-4BBB-9E29-9B20A492DCC0}
		{9DAA010A-18B8-436D-9089-6CF5A8019094} = {5D882283-E3AF-429E-A24F-0DC795D7C164}
		{317549D9-58A2-479C-AA5E-E8A5B0A2AA4B} = {5D882283-E3AF-429E-A24F-0DC795D7C164}
	EndGlobalSection
EndGlobal
